# THIS IS AN AUTOGENERATED FILE. DO NOT EDIT THIS FILE DIRECTLY.
# yarn lockfile v1


marked-base-url@^1.1.6:
  version "1.1.8"
  resolved "https://registry.yarnpkg.com/marked-base-url/-/marked-base-url-1.1.8.tgz#de009a6781ea99325571c38a28925a3da73a376d"
  integrity sha512-RA80m/VTq82jAnpusyK7B4M45TZ3LMB1ymrdAJI3oaSG4+8MzBc8FFlVKIAhkBrfRM7CxeTHTGUVVK59/eiQyA==

marked@^15.0.3:
  version "15.0.12"
  resolved "https://registry.yarnpkg.com/marked/-/marked-15.0.12.tgz#30722c7346e12d0a2d0207ab9b0c4f0102d86c4e"
  integrity sha512-8dD6FusOQSrpv9Z1rdNMdlSgQOIP880DHqnohobOmYLElGEqAL/JvxvuxZO16r4HtjTlfPRDC1hbvxC9dPN2nA==
